// !$*UTF8*$!
{
	archiveVersion = 1;
	classes = {
	};
	objectVersion = 56;
	objects = {

/* Begin PBXBuildFile section */
		742DD91A2CA1106600BB9D90 /* ViewInspector in Frameworks */ = {isa = PBXBuildFile; productRef = 742DD9192CA1106600BB9D90 /* ViewInspector */; };
		742DD93E2CA1108800BB9D90 /* TaskDB.xcdatamodeld in Sources */ = {isa = PBXBuildFile; fileRef = 742DD91B2CA1108700BB9D90 /* TaskDB.xcdatamodeld */; };
		742DD93F2CA1108800BB9D90 /* TaskEntity.swift in Sources */ = {isa = PBXBuildFile; fileRef = 742DD91C2CA1108700BB9D90 /* TaskEntity.swift */; };
		742DD9402CA1108800BB9D90 /* TaskModel+Extension.swift in Sources */ = {isa = PBXBuildFile; fileRef = 742DD91D2CA1108700BB9D90 /* TaskModel+Extension.swift */; };
		742DD9412CA1108800BB9D90 /* Preview Assets.xcassets in Resources */ = {isa = PBXBuildFile; fileRef = 742DD9202CA1108700BB9D90 /* Preview Assets.xcassets */; };
		742DD9422CA1108800BB9D90 /* TaskManagementApp.swift in Sources */ = {isa = PBXBuildFile; fileRef = 742DD9222CA1108700BB9D90 /* TaskManagementApp.swift */; };
		742DD9432CA1108800BB9D90 /* Assets.xcassets in Resources */ = {isa = PBXBuildFile; fileRef = 742DD9232CA1108700BB9D90 /* Assets.xcassets */; };
		742DD9442CA1108800BB9D90 /* BiometricAuthManager.swift in Sources */ = {isa = PBXBuildFile; fileRef = 742DD9242CA1108700BB9D90 /* BiometricAuthManager.swift */; };
		742DD9452CA1108800BB9D90 /* Encryption.swift in Sources */ = {isa = PBXBuildFile; fileRef = 742DD9252CA1108700BB9D90 /* Encryption.swift */; };
		742DD9462CA1108800BB9D90 /* Logger.swift in Sources */ = {isa = PBXBuildFile; fileRef = 742DD9262CA1108700BB9D90 /* Logger.swift */; };
		742DD9472CA1108800BB9D90 /* AppDelegate.swift in Sources */ = {isa = PBXBuildFile; fileRef = 742DD9282CA1108700BB9D90 /* AppDelegate.swift */; };
		742DD9482CA1108800BB9D90 /* Binding+Extension.swift in Sources */ = {isa = PBXBuildFile; fileRef = 742DD9292CA1108700BB9D90 /* Binding+Extension.swift */; };
		742DD9492CA1108800BB9D90 /* SearchBar.swift in Sources */ = {isa = PBXBuildFile; fileRef = 742DD92B2CA1108700BB9D90 /* SearchBar.swift */; };
		742DD94A2CA1108800BB9D90 /* AddTaskView.swift in Sources */ = {isa = PBXBuildFile; fileRef = 742DD92D2CA1108700BB9D90 /* AddTaskView.swift */; };
		742DD94B2CA1108800BB9D90 /* TaskListView.swift in Sources */ = {isa = PBXBuildFile; fileRef = 742DD92E2CA1108700BB9D90 /* TaskListView.swift */; };
		742DD94C2CA1108800BB9D90 /* TaskRow.swift in Sources */ = {isa = PBXBuildFile; fileRef = 742DD92F2CA1108700BB9D90 /* TaskRow.swift */; };
		742DD94D2CA1108800BB9D90 /* BackgroundTaskManager.swift in Sources */ = {isa = PBXBuildFile; fileRef = 742DD9322CA1108700BB9D90 /* BackgroundTaskManager.swift */; };
		742DD94E2CA1108800BB9D90 /* NetworkMonitor.swift in Sources */ = {isa = PBXBuildFile; fileRef = 742DD9332CA1108700BB9D90 /* NetworkMonitor.swift */; };
		742DD94F2CA1108800BB9D90 /* PersistentContainer.swift in Sources */ = {isa = PBXBuildFile; fileRef = 742DD9342CA1108700BB9D90 /* PersistentContainer.swift */; };
		742DD9502CA1108800BB9D90 /* SyncManager.swift in Sources */ = {isa = PBXBuildFile; fileRef = 742DD9352CA1108700BB9D90 /* SyncManager.swift */; };
		742DD9512CA1108800BB9D90 /* InMemoryTaskRepository.swift in Sources */ = {isa = PBXBuildFile; fileRef = 742DD9372CA1108700BB9D90 /* InMemoryTaskRepository.swift */; };
		742DD9522CA1108800BB9D90 /* LocalTaskRepository.swift in Sources */ = {isa = PBXBuildFile; fileRef = 742DD9382CA1108700BB9D90 /* LocalTaskRepository.swift */; };
		742DD9532CA1108800BB9D90 /* TaskRepository.swift in Sources */ = {isa = PBXBuildFile; fileRef = 742DD9392CA1108700BB9D90 /* TaskRepository.swift */; };
		742DD9542CA1108800BB9D90 /* TaskListViewModel.swift in Sources */ = {isa = PBXBuildFile; fileRef = 742DD93B2CA1108700BB9D90 /* TaskListViewModel.swift */; };
		742DD9552CA1108800BB9D90 /* GoogleService-Info.plist in Resources */ = {isa = PBXBuildFile; fileRef = 742DD93D2CA1108700BB9D90 /* GoogleService-Info.plist */; };
		742DD9582CA110AA00BB9D90 /* FirebaseFirestore in Frameworks */ = {isa = PBXBuildFile; productRef = 742DD9572CA110AA00BB9D90 /* FirebaseFirestore */; };
		742DD9692CA110F700BB9D90 /* AddTaskViewTests.swift in Sources */ = {isa = PBXBuildFile; fileRef = 742DD9592CA110F700BB9D90 /* AddTaskViewTests.swift */; };
		742DD96A2CA110F700BB9D90 /* TaskListViewTests.swift in Sources */ = {isa = PBXBuildFile; fileRef = 742DD95A2CA110F700BB9D90 /* TaskListViewTests.swift */; };
		742DD96B2CA110F700BB9D90 /* TaskRowTests.swift in Sources */ = {isa = PBXBuildFile; fileRef = 742DD95B2CA110F700BB9D90 /* TaskRowTests.swift */; };
		742DD96C2CA110F700BB9D90 /* TaskListViewModelTests.swift in Sources */ = {isa = PBXBuildFile; fileRef = 742DD95D2CA110F700BB9D90 /* TaskListViewModelTests.swift */; };
		742DD96D2CA110F700BB9D90 /* MockBiometricAuthManager.swift in Sources */ = {isa = PBXBuildFile; fileRef = 742DD95F2CA110F700BB9D90 /* MockBiometricAuthManager.swift */; };
		742DD96E2CA110F700BB9D90 /* MockSyncManager.swift in Sources */ = {isa = PBXBuildFile; fileRef = 742DD9602CA110F700BB9D90 /* MockSyncManager.swift */; };
		742DD96F2CA110F700BB9D90 /* MockTaskRepository.swift in Sources */ = {isa = PBXBuildFile; fileRef = 742DD9612CA110F700BB9D90 /* MockTaskRepository.swift */; };
		742DD9712CA110F700BB9D90 /* InMemoryTaskRepositoryTests.swift in Sources */ = {isa = PBXBuildFile; fileRef = 742DD9642CA110F700BB9D90 /* InMemoryTaskRepositoryTests.swift */; };
		742DD9722CA110F700BB9D90 /* TestLocalTaskRepository.swift in Sources */ = {isa = PBXBuildFile; fileRef = 742DD9652CA110F700BB9D90 /* TestLocalTaskRepository.swift */; };
		742DD9732CA110F700BB9D90 /* EncryptionTests.swift in Sources */ = {isa = PBXBuildFile; fileRef = 742DD9672CA110F700BB9D90 /* EncryptionTests.swift */; };
/* End PBXBuildFile section */

/* Begin PBXContainerItemProxy section */
		742DD90F2CA10DA000BB9D90 /* PBXContainerItemProxy */ = {
			isa = PBXContainerItemProxy;
			containerPortal = 742DD8EE2CA10D9100BB9D90 /* Project object */;
			proxyType = 1;
			remoteGlobalIDString = 742DD8F52CA10D9100BB9D90;
			remoteInfo = TaskManagement;
		};
/* End PBXContainerItemProxy section */

/* Begin PBXFileReference section */
		742DD8F62CA10D9100BB9D90 /* TaskManagement.app */ = {isa = PBXFileReference; explicitFileType = wrapper.application; includeInIndex = 0; path = TaskManagement.app; sourceTree = BUILT_PRODUCTS_DIR; };
		742DD90B2CA10DA000BB9D90 /* TaskManagementTests.xctest */ = {isa = PBXFileReference; explicitFileType = wrapper.cfbundle; includeInIndex = 0; path = TaskManagementTests.xctest; sourceTree = BUILT_PRODUCTS_DIR; };
		742DD91C2CA1108700BB9D90 /* TaskEntity.swift */ = {isa = PBXFileReference; fileEncoding = 4; lastKnownFileType = sourcecode.swift; path = TaskEntity.swift; sourceTree = "<group>"; };
		742DD91D2CA1108700BB9D90 /* TaskModel+Extension.swift */ = {isa = PBXFileReference; fileEncoding = 4; lastKnownFileType = sourcecode.swift; path = "TaskModel+Extension.swift"; sourceTree = "<group>"; };
		742DD91F2CA1108700BB9D90 /* TaskDB.xcdatamodel */ = {isa = PBXFileReference; lastKnownFileType = wrapper.xcdatamodel; path = TaskDB.xcdatamodel; sourceTree = "<group>"; };
		742DD9202CA1108700BB9D90 /* Preview Assets.xcassets */ = {isa = PBXFileReference; lastKnownFileType = folder.assetcatalog; path = "Preview Assets.xcassets"; sourceTree = "<group>"; };
		742DD9222CA1108700BB9D90 /* TaskManagementApp.swift */ = {isa = PBXFileReference; fileEncoding = 4; lastKnownFileType = sourcecode.swift; path = TaskManagementApp.swift; sourceTree = "<group>"; };
		742DD9232CA1108700BB9D90 /* Assets.xcassets */ = {isa = PBXFileReference; lastKnownFileType = folder.assetcatalog; path = Assets.xcassets; sourceTree = "<group>"; };
		742DD9242CA1108700BB9D90 /* BiometricAuthManager.swift */ = {isa = PBXFileReference; fileEncoding = 4; lastKnownFileType = sourcecode.swift; path = BiometricAuthManager.swift; sourceTree = "<group>"; };
		742DD9252CA1108700BB9D90 /* Encryption.swift */ = {isa = PBXFileReference; fileEncoding = 4; lastKnownFileType = sourcecode.swift; path = Encryption.swift; sourceTree = "<group>"; };
		742DD9262CA1108700BB9D90 /* Logger.swift */ = {isa = PBXFileReference; fileEncoding = 4; lastKnownFileType = sourcecode.swift; path = Logger.swift; sourceTree = "<group>"; };
		742DD9282CA1108700BB9D90 /* AppDelegate.swift */ = {isa = PBXFileReference; fileEncoding = 4; lastKnownFileType = sourcecode.swift; path = AppDelegate.swift; sourceTree = "<group>"; };
		742DD9292CA1108700BB9D90 /* Binding+Extension.swift */ = {isa = PBXFileReference; fileEncoding = 4; lastKnownFileType = sourcecode.swift; path = "Binding+Extension.swift"; sourceTree = "<group>"; };
		742DD92B2CA1108700BB9D90 /* SearchBar.swift */ = {isa = PBXFileReference; fileEncoding = 4; lastKnownFileType = sourcecode.swift; path = SearchBar.swift; sourceTree = "<group>"; };
		742DD92D2CA1108700BB9D90 /* AddTaskView.swift */ = {isa = PBXFileReference; fileEncoding = 4; lastKnownFileType = sourcecode.swift; path = AddTaskView.swift; sourceTree = "<group>"; };
		742DD92E2CA1108700BB9D90 /* TaskListView.swift */ = {isa = PBXFileReference; fileEncoding = 4; lastKnownFileType = sourcecode.swift; path = TaskListView.swift; sourceTree = "<group>"; };
		742DD92F2CA1108700BB9D90 /* TaskRow.swift */ = {isa = PBXFileReference; fileEncoding = 4; lastKnownFileType = sourcecode.swift; path = TaskRow.swift; sourceTree = "<group>"; };
		742DD9322CA1108700BB9D90 /* BackgroundTaskManager.swift */ = {isa = PBXFileReference; fileEncoding = 4; lastKnownFileType = sourcecode.swift; path = BackgroundTaskManager.swift; sourceTree = "<group>"; };
		742DD9332CA1108700BB9D90 /* NetworkMonitor.swift */ = {isa = PBXFileReference; fileEncoding = 4; lastKnownFileType = sourcecode.swift; path = NetworkMonitor.swift; sourceTree = "<group>"; };
		742DD9342CA1108700BB9D90 /* PersistentContainer.swift */ = {isa = PBXFileReference; fileEncoding = 4; lastKnownFileType = sourcecode.swift; path = PersistentContainer.swift; sourceTree = "<group>"; };
		742DD9352CA1108700BB9D90 /* SyncManager.swift */ = {isa = PBXFileReference; fileEncoding = 4; lastKnownFileType = sourcecode.swift; path = SyncManager.swift; sourceTree = "<group>"; };
		742DD9372CA1108700BB9D90 /* InMemoryTaskRepository.swift */ = {isa = PBXFileReference; fileEncoding = 4; lastKnownFileType = sourcecode.swift; path = InMemoryTaskRepository.swift; sourceTree = "<group>"; };
		742DD9382CA1108700BB9D90 /* LocalTaskRepository.swift */ = {isa = PBXFileReference; fileEncoding = 4; lastKnownFileType = sourcecode.swift; path = LocalTaskRepository.swift; sourceTree = "<group>"; };
		742DD9392CA1108700BB9D90 /* TaskRepository.swift */ = {isa = PBXFileReference; fileEncoding = 4; lastKnownFileType = sourcecode.swift; path = TaskRepository.swift; sourceTree = "<group>"; };
		742DD93B2CA1108700BB9D90 /* TaskListViewModel.swift */ = {isa = PBXFileReference; fileEncoding = 4; lastKnownFileType = sourcecode.swift; path = TaskListViewModel.swift; sourceTree = "<group>"; };
		742DD93D2CA1108700BB9D90 /* GoogleService-Info.plist */ = {isa = PBXFileReference; fileEncoding = 4; lastKnownFileType = text.plist.xml; path = "GoogleService-Info.plist"; sourceTree = "<group>"; };
		742DD9562CA1109F00BB9D90 /* Info.plist */ = {isa = PBXFileReference; lastKnownFileType = text.plist; path = Info.plist; sourceTree = "<group>"; };
		742DD9592CA110F700BB9D90 /* AddTaskViewTests.swift */ = {isa = PBXFileReference; fileEncoding = 4; lastKnownFileType = sourcecode.swift; path = AddTaskViewTests.swift; sourceTree = "<group>"; };
		742DD95A2CA110F700BB9D90 /* TaskListViewTests.swift */ = {isa = PBXFileReference; fileEncoding = 4; lastKnownFileType = sourcecode.swift; path = TaskListViewTests.swift; sourceTree = "<group>"; };
		742DD95B2CA110F700BB9D90 /* TaskRowTests.swift */ = {isa = PBXFileReference; fileEncoding = 4; lastKnownFileType = sourcecode.swift; path = TaskRowTests.swift; sourceTree = "<group>"; };
		742DD95D2CA110F700BB9D90 /* TaskListViewModelTests.swift */ = {isa = PBXFileReference; fileEncoding = 4; lastKnownFileType = sourcecode.swift; path = TaskListViewModelTests.swift; sourceTree = "<group>"; };
		742DD95F2CA110F700BB9D90 /* MockBiometricAuthManager.swift */ = {isa = PBXFileReference; fileEncoding = 4; lastKnownFileType = sourcecode.swift; path = MockBiometricAuthManager.swift; sourceTree = "<group>"; };
		742DD9602CA110F700BB9D90 /* MockSyncManager.swift */ = {isa = PBXFileReference; fileEncoding = 4; lastKnownFileType = sourcecode.swift; path = MockSyncManager.swift; sourceTree = "<group>"; };
		742DD9612CA110F700BB9D90 /* MockTaskRepository.swift */ = {isa = PBXFileReference; fileEncoding = 4; lastKnownFileType = sourcecode.swift; path = MockTaskRepository.swift; sourceTree = "<group>"; };
		742DD9642CA110F700BB9D90 /* InMemoryTaskRepositoryTests.swift */ = {isa = PBXFileReference; fileEncoding = 4; lastKnownFileType = sourcecode.swift; path = InMemoryTaskRepositoryTests.swift; sourceTree = "<group>"; };
		742DD9652CA110F700BB9D90 /* TestLocalTaskRepository.swift */ = {isa = PBXFileReference; fileEncoding = 4; lastKnownFileType = sourcecode.swift; path = TestLocalTaskRepository.swift; sourceTree = "<group>"; };
		742DD9672CA110F700BB9D90 /* EncryptionTests.swift */ = {isa = PBXFileReference; fileEncoding = 4; lastKnownFileType = sourcecode.swift; path = EncryptionTests.swift; sourceTree = "<group>"; };
		742DD9742CA1126400BB9D90 /* TaskManagement.xctestplan */ = {isa = PBXFileReference; lastKnownFileType = text; path = TaskManagement.xctestplan; sourceTree = "<group>"; };
/* End PBXFileReference section */

/* Begin PBXFrameworksBuildPhase section */
		742DD8F32CA10D9100BB9D90 /* Frameworks */ = {
			isa = PBXFrameworksBuildPhase;
			buildActionMask = 2147483647;
			files = (
				742DD9582CA110AA00BB9D90 /* FirebaseFirestore in Frameworks */,
			);
			runOnlyForDeploymentPostprocessing = 0;
		};
		742DD9082CA10DA000BB9D90 /* Frameworks */ = {
			isa = PBXFrameworksBuildPhase;
			buildActionMask = 2147483647;
			files = (
				742DD91A2CA1106600BB9D90 /* ViewInspector in Frameworks */,
			);
			runOnlyForDeploymentPostprocessing = 0;
		};
/* End PBXFrameworksBuildPhase section */

/* Begin PBXGroup section */
		742DD8ED2CA10D9100BB9D90 = {
			isa = PBXGroup;
			children = (
				742DD9742CA1126400BB9D90 /* TaskManagement.xctestplan */,
				742DD8F82CA10D9100BB9D90 /* TaskManagement */,
				742DD90C2CA10DA000BB9D90 /* TaskManagementTests */,
				742DD8F72CA10D9100BB9D90 /* Products */,
				742DD9152CA10EE600BB9D90 /* Frameworks */,
			);
			sourceTree = "<group>";
		};
		742DD8F72CA10D9100BB9D90 /* Products */ = {
			isa = PBXGroup;
			children = (
				742DD8F62CA10D9100BB9D90 /* TaskManagement.app */,
				742DD90B2CA10DA000BB9D90 /* TaskManagementTests.xctest */,
			);
			name = Products;
			sourceTree = "<group>";
		};
		742DD8F82CA10D9100BB9D90 /* TaskManagement */ = {
			isa = PBXGroup;
			children = (
				742DD9562CA1109F00BB9D90 /* Info.plist */,
				742DD9282CA1108700BB9D90 /* AppDelegate.swift */,
				742DD9232CA1108700BB9D90 /* Assets.xcassets */,
				742DD9362CA1108700BB9D90 /* DatabaseManager */,
				742DD93D2CA1108700BB9D90 /* GoogleService-Info.plist */,
				742DD91E2CA1108700BB9D90 /* Model */,
				742DD9212CA1108700BB9D90 /* Preview Content */,
				742DD93A2CA1108700BB9D90 /* Repository */,
				742DD9272CA1108700BB9D90 /* Security */,
				742DD9222CA1108700BB9D90 /* TaskManagementApp.swift */,
				742DD9312CA1108700BB9D90 /* View */,
				742DD93C2CA1108700BB9D90 /* ViewModel */,
			);
			path = TaskManagement;
			sourceTree = "<group>";
		};
		742DD90C2CA10DA000BB9D90 /* TaskManagementTests */ = {
			isa = PBXGroup;
			children = (
				742DD9622CA110F700BB9D90 /* Mock */,
				742DD9662CA110F700BB9D90 /* Repository */,
				742DD9682CA110F700BB9D90 /* Security */,
				742DD95C2CA110F700BB9D90 /* View */,
				742DD95E2CA110F700BB9D90 /* ViewModel */,
			);
			path = TaskManagementTests;
			sourceTree = "<group>";
		};
		742DD9152CA10EE600BB9D90 /* Frameworks */ = {
			isa = PBXGroup;
			children = (
			);
			name = Frameworks;
			sourceTree = "<group>";
		};
		742DD91E2CA1108700BB9D90 /* Model */ = {
			isa = PBXGroup;
			children = (
				742DD91B2CA1108700BB9D90 /* TaskDB.xcdatamodeld */,
				742DD91C2CA1108700BB9D90 /* TaskEntity.swift */,
				742DD91D2CA1108700BB9D90 /* TaskModel+Extension.swift */,
			);
			path = Model;
			sourceTree = "<group>";
		};
		742DD9212CA1108700BB9D90 /* Preview Content */ = {
			isa = PBXGroup;
			children = (
				742DD9202CA1108700BB9D90 /* Preview Assets.xcassets */,
			);
			path = "Preview Content";
			sourceTree = "<group>";
		};
		742DD9272CA1108700BB9D90 /* Security */ = {
			isa = PBXGroup;
			children = (
				742DD9242CA1108700BB9D90 /* BiometricAuthManager.swift */,
				742DD9252CA1108700BB9D90 /* Encryption.swift */,
				742DD9262CA1108700BB9D90 /* Logger.swift */,
			);
			path = Security;
			sourceTree = "<group>";
		};
		742DD92A2CA1108700BB9D90 /* Extension */ = {
			isa = PBXGroup;
			children = (
				742DD9292CA1108700BB9D90 /* Binding+Extension.swift */,
			);
			path = Extension;
			sourceTree = "<group>";
		};
		742DD92C2CA1108700BB9D90 /* SearchBar */ = {
			isa = PBXGroup;
			children = (
				742DD92B2CA1108700BB9D90 /* SearchBar.swift */,
			);
			path = SearchBar;
			sourceTree = "<group>";
		};
		742DD9302CA1108700BB9D90 /* Task */ = {
			isa = PBXGroup;
			children = (
				742DD92D2CA1108700BB9D90 /* AddTaskView.swift */,
				742DD92E2CA1108700BB9D90 /* TaskListView.swift */,
				742DD92F2CA1108700BB9D90 /* TaskRow.swift */,
			);
			path = Task;
			sourceTree = "<group>";
		};
		742DD9312CA1108700BB9D90 /* View */ = {
			isa = PBXGroup;
			children = (
				742DD92A2CA1108700BB9D90 /* Extension */,
				742DD92C2CA1108700BB9D90 /* SearchBar */,
				742DD9302CA1108700BB9D90 /* Task */,
			);
			path = View;
			sourceTree = "<group>";
		};
		742DD9362CA1108700BB9D90 /* DatabaseManager */ = {
			isa = PBXGroup;
			children = (
				742DD9322CA1108700BB9D90 /* BackgroundTaskManager.swift */,
				742DD9332CA1108700BB9D90 /* NetworkMonitor.swift */,
				742DD9342CA1108700BB9D90 /* PersistentContainer.swift */,
				742DD9352CA1108700BB9D90 /* SyncManager.swift */,
			);
			path = DatabaseManager;
			sourceTree = "<group>";
		};
		742DD93A2CA1108700BB9D90 /* Repository */ = {
			isa = PBXGroup;
			children = (
				742DD9372CA1108700BB9D90 /* InMemoryTaskRepository.swift */,
				742DD9382CA1108700BB9D90 /* LocalTaskRepository.swift */,
				742DD9392CA1108700BB9D90 /* TaskRepository.swift */,
			);
			path = Repository;
			sourceTree = "<group>";
		};
		742DD93C2CA1108700BB9D90 /* ViewModel */ = {
			isa = PBXGroup;
			children = (
				742DD93B2CA1108700BB9D90 /* TaskListViewModel.swift */,
			);
			path = ViewModel;
			sourceTree = "<group>";
		};
		742DD95C2CA110F700BB9D90 /* View */ = {
			isa = PBXGroup;
			children = (
				742DD9592CA110F700BB9D90 /* AddTaskViewTests.swift */,
				742DD95A2CA110F700BB9D90 /* TaskListViewTests.swift */,
				742DD95B2CA110F700BB9D90 /* TaskRowTests.swift */,
			);
			path = View;
			sourceTree = "<group>";
		};
		742DD95E2CA110F700BB9D90 /* ViewModel */ = {
			isa = PBXGroup;
			children = (
				742DD95D2CA110F700BB9D90 /* TaskListViewModelTests.swift */,
			);
			path = ViewModel;
			sourceTree = "<group>";
		};
		742DD9622CA110F700BB9D90 /* Mock */ = {
			isa = PBXGroup;
			children = (
				742DD95F2CA110F700BB9D90 /* MockBiometricAuthManager.swift */,
				742DD9602CA110F700BB9D90 /* MockSyncManager.swift */,
				742DD9612CA110F700BB9D90 /* MockTaskRepository.swift */,
			);
			path = Mock;
			sourceTree = "<group>";
		};
		742DD9662CA110F700BB9D90 /* Repository */ = {
			isa = PBXGroup;
			children = (
				742DD9642CA110F700BB9D90 /* InMemoryTaskRepositoryTests.swift */,
				742DD9652CA110F700BB9D90 /* TestLocalTaskRepository.swift */,
			);
			path = Repository;
			sourceTree = "<group>";
		};
		742DD9682CA110F700BB9D90 /* Security */ = {
			isa = PBXGroup;
			children = (
				742DD9672CA110F700BB9D90 /* EncryptionTests.swift */,
			);
			path = Security;
			sourceTree = "<group>";
		};
/* End PBXGroup section */

/* Begin PBXNativeTarget section */
		742DD8F52CA10D9100BB9D90 /* TaskManagement */ = {
			isa = PBXNativeTarget;
			buildConfigurationList = 742DD9042CA10D9200BB9D90 /* Build configuration list for PBXNativeTarget "TaskManagement" */;
			buildPhases = (
				742DD8F22CA10D9100BB9D90 /* Sources */,
				742DD8F32CA10D9100BB9D90 /* Frameworks */,
				742DD8F42CA10D9100BB9D90 /* Resources */,
			);
			buildRules = (
			);
			dependencies = (
			);
			name = TaskManagement;
			packageProductDependencies = (
				742DD9572CA110AA00BB9D90 /* FirebaseFirestore */,
			);
			productName = TaskManagement;
			productReference = 742DD8F62CA10D9100BB9D90 /* TaskManagement.app */;
			productType = "com.apple.product-type.application";
		};
		742DD90A2CA10DA000BB9D90 /* TaskManagementTests */ = {
			isa = PBXNativeTarget;
			buildConfigurationList = 742DD9112CA10DA000BB9D90 /* Build configuration list for PBXNativeTarget "TaskManagementTests" */;
			buildPhases = (
				742DD9072CA10DA000BB9D90 /* Sources */,
				742DD9082CA10DA000BB9D90 /* Frameworks */,
				742DD9092CA10DA000BB9D90 /* Resources */,
			);
			buildRules = (
			);
			dependencies = (
				742DD9102CA10DA000BB9D90 /* PBXTargetDependency */,
			);
			name = TaskManagementTests;
			packageProductDependencies = (
				742DD9192CA1106600BB9D90 /* ViewInspector */,
			);
			productName = TaskManagementTests;
			productReference = 742DD90B2CA10DA000BB9D90 /* TaskManagementTests.xctest */;
			productType = "com.apple.product-type.bundle.unit-test";
		};
/* End PBXNativeTarget section */

/* Begin PBXProject section */
		742DD8EE2CA10D9100BB9D90 /* Project object */ = {
			isa = PBXProject;
			attributes = {
				BuildIndependentTargetsInParallel = 1;
				LastSwiftUpdateCheck = 1530;
				LastUpgradeCheck = 1530;
				TargetAttributes = {
					742DD8F52CA10D9100BB9D90 = {
						CreatedOnToolsVersion = 15.3;
						LastSwiftMigration = 1530;
					};
					742DD90A2CA10DA000BB9D90 = {
						CreatedOnToolsVersion = 15.3;
						LastSwiftMigration = 1530;
						TestTargetID = 742DD8F52CA10D9100BB9D90;
					};
				};
			};
			buildConfigurationList = 742DD8F12CA10D9100BB9D90 /* Build configuration list for PBXProject "TaskManagement" */;
			compatibilityVersion = "Xcode 14.0";
			developmentRegion = en;
			hasScannedForEncodings = 0;
			knownRegions = (
				en,
				Base,
			);
			mainGroup = 742DD8ED2CA10D9100BB9D90;
			packageReferences = (
				742DD9142CA10EDE00BB9D90 /* XCRemoteSwiftPackageReference "firebase-ios-sdk" */,
				742DD9182CA1106600BB9D90 /* XCRemoteSwiftPackageReference "ViewInspector" */,
			);
			productRefGroup = 742DD8F72CA10D9100BB9D90 /* Products */;
			projectDirPath = "";
			projectRoot = "";
			targets = (
				742DD8F52CA10D9100BB9D90 /* TaskManagement */,
				742DD90A2CA10DA000BB9D90 /* TaskManagementTests */,
			);
		};
/* End PBXProject section */

/* Begin PBXResourcesBuildPhase section */
		742DD8F42CA10D9100BB9D90 /* Resources */ = {
			isa = PBXResourcesBuildPhase;
			buildActionMask = 2147483647;
			files = (
				742DD9432CA1108800BB9D90 /* Assets.xcassets in Resources */,
				742DD9412CA1108800BB9D90 /* Preview Assets.xcassets in Resources */,
				742DD9552CA1108800BB9D90 /* GoogleService-Info.plist in Resources */,
			);
			runOnlyForDeploymentPostprocessing = 0;
		};
		742DD9092CA10DA000BB9D90 /* Resources */ = {
			isa = PBXResourcesBuildPhase;
			buildActionMask = 2147483647;
			files = (
			);
			runOnlyForDeploymentPostprocessing = 0;
		};
/* End PBXResourcesBuildPhase section */

/* Begin PBXSourcesBuildPhase section */
		742DD8F22CA10D9100BB9D90 /* Sources */ = {
			isa = PBXSourcesBuildPhase;
			buildActionMask = 2147483647;
			files = (
				742DD94A2CA1108800BB9D90 /* AddTaskView.swift in Sources */,
				742DD9472CA1108800BB9D90 /* AppDelegate.swift in Sources */,
				742DD9452CA1108800BB9D90 /* Encryption.swift in Sources */,
				742DD93E2CA1108800BB9D90 /* TaskDB.xcdatamodeld in Sources */,
				742DD94D2CA1108800BB9D90 /* BackgroundTaskManager.swift in Sources */,
				742DD9442CA1108800BB9D90 /* BiometricAuthManager.swift in Sources */,
				742DD9512CA1108800BB9D90 /* InMemoryTaskRepository.swift in Sources */,
				742DD94C2CA1108800BB9D90 /* TaskRow.swift in Sources */,
				742DD94E2CA1108800BB9D90 /* NetworkMonitor.swift in Sources */,
				742DD94F2CA1108800BB9D90 /* PersistentContainer.swift in Sources */,
				742DD9482CA1108800BB9D90 /* Binding+Extension.swift in Sources */,
				742DD9402CA1108800BB9D90 /* TaskModel+Extension.swift in Sources */,
				742DD9522CA1108800BB9D90 /* LocalTaskRepository.swift in Sources */,
				742DD9462CA1108800BB9D90 /* Logger.swift in Sources */,
				742DD9542CA1108800BB9D90 /* TaskListViewModel.swift in Sources */,
				742DD9532CA1108800BB9D90 /* TaskRepository.swift in Sources */,
				742DD9492CA1108800BB9D90 /* SearchBar.swift in Sources */,
				742DD93F2CA1108800BB9D90 /* TaskEntity.swift in Sources */,
				742DD9422CA1108800BB9D90 /* TaskManagementApp.swift in Sources */,
				742DD9502CA1108800BB9D90 /* SyncManager.swift in Sources */,
				742DD94B2CA1108800BB9D90 /* TaskListView.swift in Sources */,
			);
			runOnlyForDeploymentPostprocessing = 0;
		};
		742DD9072CA10DA000BB9D90 /* Sources */ = {
			isa = PBXSourcesBuildPhase;
			buildActionMask = 2147483647;
			files = (
				742DD96D2CA110F700BB9D90 /* MockBiometricAuthManager.swift in Sources */,
				742DD96F2CA110F700BB9D90 /* MockTaskRepository.swift in Sources */,
				742DD9692CA110F700BB9D90 /* AddTaskViewTests.swift in Sources */,
				742DD96E2CA110F700BB9D90 /* MockSyncManager.swift in Sources */,
				742DD9722CA110F700BB9D90 /* TestLocalTaskRepository.swift in Sources */,
				742DD96C2CA110F700BB9D90 /* TaskListViewModelTests.swift in Sources */,
				742DD96B2CA110F700BB9D90 /* TaskRowTests.swift in Sources */,
				742DD96A2CA110F700BB9D90 /* TaskListViewTests.swift in Sources */,
				742DD9712CA110F700BB9D90 /* InMemoryTaskRepositoryTests.swift in Sources */,
				742DD9732CA110F700BB9D90 /* EncryptionTests.swift in Sources */,
			);
			runOnlyForDeploymentPostprocessing = 0;
		};
/* End PBXSourcesBuildPhase section */

/* Begin PBXTargetDependency section */
		742DD9102CA10DA000BB9D90 /* PBXTargetDependency */ = {
			isa = PBXTargetDependency;
			target = 742DD8F52CA10D9100BB9D90 /* TaskManagement */;
			targetProxy = 742DD90F2CA10DA000BB9D90 /* PBXContainerItemProxy */;
		};
/* End PBXTargetDependency section */

/* Begin XCBuildConfiguration section */
		742DD9022CA10D9200BB9D90 /* Debug */ = {
			isa = XCBuildConfiguration;
			buildSettings = {
				ALWAYS_SEARCH_USER_PATHS = NO;
				ASSETCATALOG_COMPILER_GENERATE_SWIFT_ASSET_SYMBOL_EXTENSIONS = YES;
				CLANG_ANALYZER_NONNULL = YES;
				CLANG_ANALYZER_NUMBER_OBJECT_CONVERSION = YES_AGGRESSIVE;
				CLANG_CXX_LANGUAGE_STANDARD = "gnu++20";
				CLANG_ENABLE_MODULES = YES;
				CLANG_ENABLE_OBJC_ARC = YES;
				CLANG_ENABLE_OBJC_WEAK = YES;
				CLANG_WARN_BLOCK_CAPTURE_AUTORELEASING = YES;
				CLANG_WARN_BOOL_CONVERSION = YES;
				CLANG_WARN_COMMA = YES;
				CLANG_WARN_CONSTANT_CONVERSION = YES;
				CLANG_WARN_DEPRECATED_OBJC_IMPLEMENTATIONS = YES;
				CLANG_WARN_DIRECT_OBJC_ISA_USAGE = YES_ERROR;
				CLANG_WARN_DOCUMENTATION_COMMENTS = YES;
				CLANG_WARN_EMPTY_BODY = YES;
				CLANG_WARN_ENUM_CONVERSION = YES;
				CLANG_WARN_INFINITE_RECURSION = YES;
				CLANG_WARN_INT_CONVERSION = YES;
				CLANG_WARN_NON_LITERAL_NULL_CONVERSION = YES;
				CLANG_WARN_OBJC_IMPLICIT_RETAIN_SELF = YES;
				CLANG_WARN_OBJC_LITERAL_CONVERSION = YES;
				CLANG_WARN_OBJC_ROOT_CLASS = YES_ERROR;
				CLANG_WARN_QUOTED_INCLUDE_IN_FRAMEWORK_HEADER = YES;
				CLANG_WARN_RANGE_LOOP_ANALYSIS = YES;
				CLANG_WARN_STRICT_PROTOTYPES = YES;
				CLANG_WARN_SUSPICIOUS_MOVE = YES;
				CLANG_WARN_UNGUARDED_AVAILABILITY = YES_AGGRESSIVE;
				CLANG_WARN_UNREACHABLE_CODE = YES;
				CLANG_WARN__DUPLICATE_METHOD_MATCH = YES;
				COPY_PHASE_STRIP = NO;
				DEBUG_INFORMATION_FORMAT = dwarf;
				ENABLE_STRICT_OBJC_MSGSEND = YES;
				ENABLE_TESTABILITY = YES;
				ENABLE_USER_SCRIPT_SANDBOXING = YES;
				GCC_C_LANGUAGE_STANDARD = gnu17;
				GCC_DYNAMIC_NO_PIC = NO;
				GCC_NO_COMMON_BLOCKS = YES;
				GCC_OPTIMIZATION_LEVEL = 0;
				GCC_PREPROCESSOR_DEFINITIONS = (
					"DEBUG=1",
					"$(inherited)",
				);
				GCC_WARN_64_TO_32_BIT_CONVERSION = YES;
				GCC_WARN_ABOUT_RETURN_TYPE = YES_ERROR;
				GCC_WARN_UNDECLARED_SELECTOR = YES;
				GCC_WARN_UNINITIALIZED_AUTOS = YES_AGGRESSIVE;
				GCC_WARN_UNUSED_FUNCTION = YES;
				GCC_WARN_UNUSED_VARIABLE = YES;
				IPHONEOS_DEPLOYMENT_TARGET = 17.4;
				LOCALIZATION_PREFERS_STRING_CATALOGS = YES;
				MTL_ENABLE_DEBUG_INFO = INCLUDE_SOURCE;
				MTL_FAST_MATH = YES;
				ONLY_ACTIVE_ARCH = YES;
				SDKROOT = iphoneos;
				SWIFT_ACTIVE_COMPILATION_CONDITIONS = "DEBUG $(inherited)";
				SWIFT_OPTIMIZATION_LEVEL = "-Onone";
			};
			name = Debug;
		};
		742DD9032CA10D9200BB9D90 /* Release */ = {
			isa = XCBuildConfiguration;
			buildSettings = {
				ALWAYS_SEARCH_USER_PATHS = NO;
				ASSETCATALOG_COMPILER_GENERATE_SWIFT_ASSET_SYMBOL_EXTENSIONS = YES;
				CLANG_ANALYZER_NONNULL = YES;
				CLANG_ANALYZER_NUMBER_OBJECT_CONVERSION = YES_AGGRESSIVE;
				CLANG_CXX_LANGUAGE_STANDARD = "gnu++20";
				CLANG_ENABLE_MODULES = YES;
				CLANG_ENABLE_OBJC_ARC = YES;
				CLANG_ENABLE_OBJC_WEAK = YES;
				CLANG_WARN_BLOCK_CAPTURE_AUTORELEASING = YES;
				CLANG_WARN_BOOL_CONVERSION = YES;
				CLANG_WARN_COMMA = YES;
				CLANG_WARN_CONSTANT_CONVERSION = YES;
				CLANG_WARN_DEPRECATED_OBJC_IMPLEMENTATIONS = YES;
				CLANG_WARN_DIRECT_OBJC_ISA_USAGE = YES_ERROR;
				CLANG_WARN_DOCUMENTATION_COMMENTS = YES;
				CLANG_WARN_EMPTY_BODY = YES;
				CLANG_WARN_ENUM_CONVERSION = YES;
				CLANG_WARN_INFINITE_RECURSION = YES;
				CLANG_WARN_INT_CONVERSION = YES;
				CLANG_WARN_NON_LITERAL_NULL_CONVERSION = YES;
				CLANG_WARN_OBJC_IMPLICIT_RETAIN_SELF = YES;
				CLANG_WARN_OBJC_LITERAL_CONVERSION = YES;
				CLANG_WARN_OBJC_ROOT_CLASS = YES_ERROR;
				CLANG_WARN_QUOTED_INCLUDE_IN_FRAMEWORK_HEADER = YES;
				CLANG_WARN_RANGE_LOOP_ANALYSIS = YES;
				CLANG_WARN_STRICT_PROTOTYPES = YES;
				CLANG_WARN_SUSPICIOUS_MOVE = YES;
				CLANG_WARN_UNGUARDED_AVAILABILITY = YES_AGGRESSIVE;
				CLANG_WARN_UNREACHABLE_CODE = YES;
				CLANG_WARN__DUPLICATE_METHOD_MATCH = YES;
				COPY_PHASE_STRIP = NO;
				DEBUG_INFORMATION_FORMAT = "dwarf-with-dsym";
				ENABLE_NS_ASSERTIONS = NO;
				ENABLE_STRICT_OBJC_MSGSEND = YES;
				ENABLE_USER_SCRIPT_SANDBOXING = YES;
				GCC_C_LANGUAGE_STANDARD = gnu17;
				GCC_NO_COMMON_BLOCKS = YES;
				GCC_WARN_64_TO_32_BIT_CONVERSION = YES;
				GCC_WARN_ABOUT_RETURN_TYPE = YES_ERROR;
				GCC_WARN_UNDECLARED_SELECTOR = YES;
				GCC_WARN_UNINITIALIZED_AUTOS = YES_AGGRESSIVE;
				GCC_WARN_UNUSED_FUNCTION = YES;
				GCC_WARN_UNUSED_VARIABLE = YES;
				IPHONEOS_DEPLOYMENT_TARGET = 17.4;
				LOCALIZATION_PREFERS_STRING_CATALOGS = YES;
				MTL_ENABLE_DEBUG_INFO = NO;
				MTL_FAST_MATH = YES;
				SDKROOT = iphoneos;
				SWIFT_COMPILATION_MODE = wholemodule;
				VALIDATE_PRODUCT = YES;
			};
			name = Release;
		};
		742DD9052CA10D9200BB9D90 /* Debug */ = {
			isa = XCBuildConfiguration;
			buildSettings = {
				ASSETCATALOG_COMPILER_APPICON_NAME = AppIcon;
				ASSETCATALOG_COMPILER_GLOBAL_ACCENT_COLOR_NAME = AccentColor;
				CLANG_ENABLE_MODULES = YES;
				CODE_SIGN_STYLE = Automatic;
				CURRENT_PROJECT_VERSION = 1;
				DEVELOPMENT_ASSET_PATHS = "\"TaskManagement/Preview Content\"";
				DEVELOPMENT_TEAM = WDAXX75T8X;
				ENABLE_PREVIEWS = YES;
				GENERATE_INFOPLIST_FILE = YES;
				INFOPLIST_FILE = TaskManagement/Info.plist;
				INFOPLIST_KEY_NSFaceIDUsageDescription = "Task Management app uses Face ID to secure your tasks.";
				INFOPLIST_KEY_UIApplicationSceneManifest_Generation = YES;
				INFOPLIST_KEY_UIApplicationSupportsIndirectInputEvents = YES;
				INFOPLIST_KEY_UILaunchScreen_Generation = YES;
				INFOPLIST_KEY_UISupportedInterfaceOrientations_iPad = "UIInterfaceOrientationPortrait UIInterfaceOrientationPortraitUpsideDown UIInterfaceOrientationLandscapeLeft UIInterfaceOrientationLandscapeRight";
				INFOPLIST_KEY_UISupportedInterfaceOrientations_iPhone = "UIInterfaceOrientationPortrait UIInterfaceOrientationLandscapeLeft UIInterfaceOrientationLandscapeRight";
				LD_RUNPATH_SEARCH_PATHS = (
					"$(inherited)",
					"@executable_path/Frameworks",
				);
				MARKETING_VERSION = 1.0;
				PRODUCT_BUNDLE_IDENTIFIER = com.dwirandyh.TaskManagement;
				PRODUCT_NAME = "$(TARGET_NAME)";
				SWIFT_EMIT_LOC_STRINGS = YES;
				SWIFT_OPTIMIZATION_LEVEL = "-Onone";
				SWIFT_VERSION = 5.0;
				TARGETED_DEVICE_FAMILY = "1,2";
			};
			name = Debug;
		};
		742DD9062CA10D9200BB9D90 /* Release */ = {
			isa = XCBuildConfiguration;
			buildSettings = {
				ASSETCATALOG_COMPILER_APPICON_NAME = AppIcon;
				ASSETCATALOG_COMPILER_GLOBAL_ACCENT_COLOR_NAME = AccentColor;
				CLANG_ENABLE_MODULES = YES;
				CODE_SIGN_STYLE = Automatic;
				CURRENT_PROJECT_VERSION = 1;
				DEVELOPMENT_ASSET_PATHS = "\"TaskManagement/Preview Content\"";
				DEVELOPMENT_TEAM = WDAXX75T8X;
				ENABLE_PREVIEWS = YES;
				GENERATE_INFOPLIST_FILE = YES;
				INFOPLIST_FILE = TaskManagement/Info.plist;
				INFOPLIST_KEY_NSFaceIDUsageDescription = "Task Management app uses Face ID to secure your tasks.";
				INFOPLIST_KEY_UIApplicationSceneManifest_Generation = YES;
				INFOPLIST_KEY_UIApplicationSupportsIndirectInputEvents = YES;
				INFOPLIST_KEY_UILaunchScreen_Generation = YES;
				INFOPLIST_KEY_UISupportedInterfaceOrientations_iPad = "UIInterfaceOrientationPortrait UIInterfaceOrientationPortraitUpsideDown UIInterfaceOrientationLandscapeLeft UIInterfaceOrientationLandscapeRight";
				INFOPLIST_KEY_UISupportedInterfaceOrientations_iPhone = "UIInterfaceOrientationPortrait UIInterfaceOrientationLandscapeLeft UIInterfaceOrientationLandscapeRight";
				LD_RUNPATH_SEARCH_PATHS = (
					"$(inherited)",
					"@executable_path/Frameworks",
				);
				MARKETING_VERSION = 1.0;
				PRODUCT_BUNDLE_IDENTIFIER = com.dwirandyh.TaskManagement;
				PRODUCT_NAME = "$(TARGET_NAME)";
				SWIFT_EMIT_LOC_STRINGS = YES;
				SWIFT_VERSION = 5.0;
				TARGETED_DEVICE_FAMILY = "1,2";
			};
			name = Release;
		};
		742DD9122CA10DA000BB9D90 /* Debug */ = {
			isa = XCBuildConfiguration;
			buildSettings = {
				ALWAYS_EMBED_SWIFT_STANDARD_LIBRARIES = YES;
				BUNDLE_LOADER = "$(TEST_HOST)";
				CLANG_ENABLE_MODULES = YES;
				CODE_SIGN_STYLE = Automatic;
				CURRENT_PROJECT_VERSION = 1;
				DEVELOPMENT_TEAM = WDAXX75T8X;
				GENERATE_INFOPLIST_FILE = YES;
				MARKETING_VERSION = 1.0;
				PRODUCT_BUNDLE_IDENTIFIER = com.dwirandyh.TaskManagementTests;
				PRODUCT_NAME = "$(TARGET_NAME)";
				SWIFT_EMIT_LOC_STRINGS = NO;
				SWIFT_OPTIMIZATION_LEVEL = "-Onone";
				SWIFT_VERSION = 5.0;
				TARGETED_DEVICE_FAMILY = "1,2";
				TEST_HOST = "$(BUILT_PRODUCTS_DIR)/TaskManagement.app/$(BUNDLE_EXECUTABLE_FOLDER_PATH)/TaskManagement";
			};
			name = Debug;
		};
		742DD9132CA10DA000BB9D90 /* Release */ = {
			isa = XCBuildConfiguration;
			buildSettings = {
				ALWAYS_EMBED_SWIFT_STANDARD_LIBRARIES = YES;
				BUNDLE_LOADER = "$(TEST_HOST)";
				CLANG_ENABLE_MODULES = YES;
				CODE_SIGN_STYLE = Automatic;
				CURRENT_PROJECT_VERSION = 1;
				DEVELOPMENT_TEAM = WDAXX75T8X;
				GENERATE_INFOPLIST_FILE = YES;
				MARKETING_VERSION = 1.0;
				PRODUCT_BUNDLE_IDENTIFIER = com.dwirandyh.TaskManagementTests;
				PRODUCT_NAME = "$(TARGET_NAME)";
				SWIFT_EMIT_LOC_STRINGS = NO;
				SWIFT_VERSION = 5.0;
				TARGETED_DEVICE_FAMILY = "1,2";
				TEST_HOST = "$(BUILT_PRODUCTS_DIR)/TaskManagement.app/$(BUNDLE_EXECUTABLE_FOLDER_PATH)/TaskManagement";
			};
			name = Release;
		};
/* End XCBuildConfiguration section */

/* Begin XCConfigurationList section */
		742DD8F12CA10D9100BB9D90 /* Build configuration list for PBXProject "TaskManagement" */ = {
			isa = XCConfigurationList;
			buildConfigurations = (
				742DD9022CA10D9200BB9D90 /* Debug */,
				742DD9032CA10D9200BB9D90 /* Release */,
			);
			defaultConfigurationIsVisible = 0;
			defaultConfigurationName = Release;
		};
		742DD9042CA10D9200BB9D90 /* Build configuration list for PBXNativeTarget "TaskManagement" */ = {
			isa = XCConfigurationList;
			buildConfigurations = (
				742DD9052CA10D9200BB9D90 /* Debug */,
				742DD9062CA10D9200BB9D90 /* Release */,
			);
			defaultConfigurationIsVisible = 0;
			defaultConfigurationName = Release;
		};
		742DD9112CA10DA000BB9D90 /* Build configuration list for PBXNativeTarget "TaskManagementTests" */ = {
			isa = XCConfigurationList;
			buildConfigurations = (
				742DD9122CA10DA000BB9D90 /* Debug */,
				742DD9132CA10DA000BB9D90 /* Release */,
			);
			defaultConfigurationIsVisible = 0;
			defaultConfigurationName = Release;
		};
/* End XCConfigurationList section */

/* Begin XCRemoteSwiftPackageReference section */
		742DD9142CA10EDE00BB9D90 /* XCRemoteSwiftPackageReference "firebase-ios-sdk" */ = {
			isa = XCRemoteSwiftPackageReference;
			repositoryURL = "https://github.com/firebase/firebase-ios-sdk";
			requirement = {
				kind = exactVersion;
				version = 11.2.0;
			};
		};
		742DD9182CA1106600BB9D90 /* XCRemoteSwiftPackageReference "ViewInspector" */ = {
			isa = XCRemoteSwiftPackageReference;
			repositoryURL = "https://github.com/nalexn/ViewInspector";
			requirement = {
				kind = exactVersion;
				version = 0.10.0;
			};
		};
/* End XCRemoteSwiftPackageReference section */

/* Begin XCSwiftPackageProductDependency section */
		742DD9192CA1106600BB9D90 /* ViewInspector */ = {
			isa = XCSwiftPackageProductDependency;
			package = 742DD9182CA1106600BB9D90 /* XCRemoteSwiftPackageReference "ViewInspector" */;
			productName = ViewInspector;
		};
		742DD9572CA110AA00BB9D90 /* FirebaseFirestore */ = {
			isa = XCSwiftPackageProductDependency;
			package = 742DD9142CA10EDE00BB9D90 /* XCRemoteSwiftPackageReference "firebase-ios-sdk" */;
			productName = FirebaseFirestore;
		};
/* End XCSwiftPackageProductDependency section */

/* Begin XCVersionGroup section */
		742DD91B2CA1108700BB9D90 /* TaskDB.xcdatamodeld */ = {
			isa = XCVersionGroup;
			children = (
				742DD91F2CA1108700BB9D90 /* TaskDB.xcdatamodel */,
			);
			currentVersion = 742DD91F2CA1108700BB9D90 /* TaskDB.xcdatamodel */;
			name = TaskDB.xcdatamodeld;
			path = /Users/dwirandyh/Desktop/TaskManagement/TaskManagement/Model/TaskDB.xcdatamodeld;
			sourceTree = "<group>";
			versionGroupType = wrapper.xcdatamodel;
		};
/* End XCVersionGroup section */
	};
	rootObject = 742DD8EE2CA10D9100BB9D90 /* Project object */;
}
